
Microsoft Visual Studio Solution File, Format Version 12.00
# Visual Studio 15
VisualStudioVersion = 15.0.27004.2005
MinimumVisualStudioVersion = 10.0.40219.1
Project("{FAE04EC0-301F-11D3-BF4B-00C04F79EFBC}") = "RestWCFWinService", "WindowsService1\RestWCFWinService.csproj", "{567D92E8-B67C-425B-8E99-B154069F7B24}"
EndProject
Project("{FAE04EC0-301F-11D3-BF4B-00C04F79EFBC}") = "RestWCFServiceLibrary", "RestWCFServiceLibrary\RestWCFServiceLibrary.csproj", "{3CA6B135-C76C-41D8-810B-49A5F5D798C3}"
EndProject
Project("{6141683F-8A12-4E36-9623-2EB02B2C2303}") = "AxisJSON", "SetupService\AxisJSON.isproj", "{C38676FA-EA26-4AAD-864A-1FD3A0DBA1C2}"
EndProject
Global
	GlobalSection(SolutionConfigurationPlatforms) = preSolution
		CD_ROM|Any CPU = CD_ROM|Any CPU
		Debug|Any CPU = Debug|Any CPU
		DVD-5|Any CPU = DVD-5|Any CPU
		Release|Any CPU = Release|Any CPU
		SingleImage|Any CPU = SingleImage|Any CPU
	EndGlobalSection
	GlobalSection(ProjectConfigurationPlatforms) = postSolution
		{567D92E8-B67C-425B-8E99-B154069F7B24}.CD_ROM|Any CPU.ActiveCfg = Release|Any CPU
		{567D92E8-B67C-425B-8E99-B154069F7B24}.CD_ROM|Any CPU.Build.0 = Release|Any CPU
		{567D92E8-B67C-425B-8E99-B154069F7B24}.Debug|Any CPU.ActiveCfg = Debug|Any CPU
		{567D92E8-B67C-425B-8E99-B154069F7B24}.Debug|Any CPU.Build.0 = Debug|Any CPU
		{567D92E8-B67C-425B-8E99-B154069F7B24}.DVD-5|Any CPU.ActiveCfg = Debug|Any CPU
		{567D92E8-B67C-425B-8E99-B154069F7B24}.DVD-5|Any CPU.Build.0 = Debug|Any CPU
		{567D92E8-B67C-425B-8E99-B154069F7B24}.Release|Any CPU.ActiveCfg = Release|Any CPU
		{567D92E8-B67C-425B-8E99-B154069F7B24}.Release|Any CPU.Build.0 = Release|Any CPU
		{567D92E8-B67C-425B-8E99-B154069F7B24}.SingleImage|Any CPU.ActiveCfg = Release|Any CPU
		{567D92E8-B67C-425B-8E99-B154069F7B24}.SingleImage|Any CPU.Build.0 = Release|Any CPU
		{3CA6B135-C76C-41D8-810B-49A5F5D798C3}.CD_ROM|Any CPU.ActiveCfg = Release|Any CPU
		{3CA6B135-C76C-41D8-810B-49A5F5D798C3}.CD_ROM|Any CPU.Build.0 = Release|Any CPU
		{3CA6B135-C76C-41D8-810B-49A5F5D798C3}.Debug|Any CPU.ActiveCfg = Debug|Any CPU
		{3CA6B135-C76C-41D8-810B-49A5F5D798C3}.Debug|Any CPU.Build.0 = Debug|Any CPU
		{3CA6B135-C76C-41D8-810B-49A5F5D798C3}.DVD-5|Any CPU.ActiveCfg = Debug|Any CPU
		{3CA6B135-C76C-41D8-810B-49A5F5D798C3}.DVD-5|Any CPU.Build.0 = Debug|Any CPU
		{3CA6B135-C76C-41D8-810B-49A5F5D798C3}.Release|Any CPU.ActiveCfg = Release|Any CPU
		{3CA6B135-C76C-41D8-810B-49A5F5D798C3}.Release|Any CPU.Build.0 = Release|Any CPU
		{3CA6B135-C76C-41D8-810B-49A5F5D798C3}.SingleImage|Any CPU.ActiveCfg = Release|Any CPU
		{3CA6B135-C76C-41D8-810B-49A5F5D798C3}.SingleImage|Any CPU.Build.0 = Release|Any CPU
		{C38676FA-EA26-4AAD-864A-1FD3A0DBA1C2}.CD_ROM|Any CPU.ActiveCfg = CD_ROM
		{C38676FA-EA26-4AAD-864A-1FD3A0DBA1C2}.CD_ROM|Any CPU.Build.0 = CD_ROM
		{C38676FA-EA26-4AAD-864A-1FD3A0DBA1C2}.Debug|Any CPU.ActiveCfg = DVD-5
		{C38676FA-EA26-4AAD-864A-1FD3A0DBA1C2}.Debug|Any CPU.Build.0 = DVD-5
		{C38676FA-EA26-4AAD-864A-1FD3A0DBA1C2}.DVD-5|Any CPU.ActiveCfg = DVD-5
		{C38676FA-EA26-4AAD-864A-1FD3A0DBA1C2}.DVD-5|Any CPU.Build.0 = DVD-5
		{C38676FA-EA26-4AAD-864A-1FD3A0DBA1C2}.Release|Any CPU.ActiveCfg = SingleImage
		{C38676FA-EA26-4AAD-864A-1FD3A0DBA1C2}.Release|Any CPU.Build.0 = SingleImage
		{C38676FA-EA26-4AAD-864A-1FD3A0DBA1C2}.SingleImage|Any CPU.ActiveCfg = SingleImage
		{C38676FA-EA26-4AAD-864A-1FD3A0DBA1C2}.SingleImage|Any CPU.Build.0 = SingleImage
	EndGlobalSection
	GlobalSection(SolutionProperties) = preSolution
		HideSolutionNode = FALSE
	EndGlobalSection
	GlobalSection(ExtensibilityGlobals) = postSolution
		SolutionGuid = {33CA3A6F-EEB2-4256-87EF-1A0D140027A9}
	EndGlobalSection
EndGlobal
